
Microsoft Visual Studio Solution File, Format Version 12.00
# Visual Studio Version 17
VisualStudioVersion = 17.7.34202.233
MinimumVisualStudioVersion = 10.0.40219.1
Project("{FAE04EC0-301F-11D3-BF4B-00C04F79EFBC}") = "nwap3010", "nwap3010\nwap3010.csproj", "{A769151E-A607-4433-9286-8910BF9CC3FB}"
EndProject
Global
	GlobalSection(SolutionConfigurationPlatforms) = preSolution
		Debug|Any CPU = Debug|Any CPU
		Release|Any CPU = Release|Any CPU
	EndGlobalSection
	GlobalSection(ProjectConfigurationPlatforms) = postSolution
		{A769151E-A607-4433-9286-8910BF9CC3FB}.Debug|Any CPU.ActiveCfg = Debug|Any CPU
		{A769151E-A607-4433-9286-8910BF9CC3FB}.Debug|Any CPU.Build.0 = Debug|Any CPU
		{A769151E-A607-4433-9286-8910BF9CC3FB}.Release|Any CPU.ActiveCfg = Release|Any CPU
		{A769151E-A607-4433-9286-8910BF9CC3FB}.Release|Any CPU.Build.0 = Release|Any CPU
	EndGlobalSection
	GlobalSection(SolutionProperties) = preSolution
		HideSolutionNode = FALSE
	EndGlobalSection
	GlobalSection(ExtensibilityGlobals) = postSolution
		SolutionGuid = {AD5C6761-5B70-4D9F-A79F-DC5DCD6F6CCA}
	EndGlobalSection
EndGlobal
